
Microsoft Visual Studio Solution File, Format Version 12.00
# Visual Studio Version 17
VisualStudioVersion = 17.7.34031.279
MinimumVisualStudioVersion = 10.0.40219.1
Project("{FAE04EC0-301F-11D3-BF4B-00C04F79EFBC}") = "HW8", "HW8\HW8.csproj", "{37391EE2-902B-4E97-804F-37ED86FAB0F1}"
EndProject
Global
	GlobalSection(SolutionConfigurationPlatforms) = preSolution
		Debug|Any CPU = Debug|Any CPU
		Release|Any CPU = Release|Any CPU
	EndGlobalSection
	GlobalSection(ProjectConfigurationPlatforms) = postSolution
		{37391EE2-902B-4E97-804F-37ED86FAB0F1}.Debug|Any CPU.ActiveCfg = Debug|Any CPU
		{37391EE2-902B-4E97-804F-37ED86FAB0F1}.Debug|Any CPU.Build.0 = Debug|Any CPU
		{37391EE2-902B-4E97-804F-37ED86FAB0F1}.Release|Any CPU.ActiveCfg = Release|Any CPU
		{37391EE2-902B-4E97-804F-37ED86FAB0F1}.Release|Any CPU.Build.0 = Release|Any CPU
	EndGlobalSection
	GlobalSection(SolutionProperties) = preSolution
		HideSolutionNode = FALSE
	EndGlobalSection
	GlobalSection(ExtensibilityGlobals) = postSolution
		SolutionGuid = {8C5C1F27-AFD7-4507-8525-6C4A732BEE3B}
	EndGlobalSection
EndGlobal
